
Microsoft Visual Studio Solution File, Format Version 12.00
# Visual Studio Version 17
VisualStudioVersion = 17.5.002.0
MinimumVisualStudioVersion = 10.0.40219.1
Project("{9A19103F-16F7-4668-BE54-9A1E7A4F7556}") = "ci-charpe", "ci-charpe\ci-charpe.csproj", "{87444EEE-B61C-4621-8DF6-FF79E94AA641}"
EndProject
Global
	GlobalSection(SolutionConfigurationPlatforms) = preSolution
		Debug|Any CPU = Debug|Any CPU
		Release|Any CPU = Release|Any CPU
	EndGlobalSection
	GlobalSection(ProjectConfigurationPlatforms) = postSolution
		{87444EEE-B61C-4621-8DF6-FF79E94AA641}.Debug|Any CPU.ActiveCfg = Debug|Any CPU
		{87444EEE-B61C-4621-8DF6-FF79E94AA641}.Debug|Any CPU.Build.0 = Debug|Any CPU
		{87444EEE-B61C-4621-8DF6-FF79E94AA641}.Release|Any CPU.ActiveCfg = Release|Any CPU
		{87444EEE-B61C-4621-8DF6-FF79E94AA641}.Release|Any CPU.Build.0 = Release|Any CPU
	EndGlobalSection
	GlobalSection(SolutionProperties) = preSolution
		HideSolutionNode = FALSE
	EndGlobalSection
	GlobalSection(ExtensibilityGlobals) = postSolution
		SolutionGuid = {C7967C05-450E-46AD-A231-E5DEA9D0B90E}
	EndGlobalSection
EndGlobal
